
Microsoft Visual Studio Solution File, Format Version 12.00
# Visual Studio 2013
VisualStudioVersion = 12.0.31101.0
MinimumVisualStudioVersion = 10.0.40219.1
Project("{2150E333-8FDC-42A3-9474-1A3956D46DE8}") = "AdministradorDeIglesiasV2", "AdministradorDeIglesiasV2", "{7A8BA6C1-EC68-4169-80C3-D2C361B315CB}"
EndProject
Project("{2150E333-8FDC-42A3-9474-1A3956D46DE8}") = "ZagueEF", "ZagueEF", "{74306236-984F-4E01-914C-596635BCD2A3}"
EndProject
Project("{2150E333-8FDC-42A3-9474-1A3956D46DE8}") = "Core", "Core", "{34E62EB1-3FD8-4D8E-B1CC-4E0C690C94F8}"
EndProject
Project("{2150E333-8FDC-42A3-9474-1A3956D46DE8}") = "Website", "Website", "{DCF11EEF-0DA6-4A6D-A4AA-DA8D1AD0E767}"
EndProject
Project("{FAE04EC0-301F-11D3-BF4B-00C04F79EFBC}") = "AdministradorDeIglesiasV2.Website", "AdministradorDeIglesiasV2.Website\AdministradorDeIglesiasV2.Website.csproj", "{0F598BC3-2CD6-4CAA-8335-1A31D7536FEE}"
EndProject
Project("{FAE04EC0-301F-11D3-BF4B-00C04F79EFBC}") = "AdministradorDeIglesiasV2.Core", "AdministradorDeIglesiasV2.Core\AdministradorDeIglesiasV2.Core.csproj", "{4DF26FC9-EDFB-4AC8-9844-D35FCCC4AFA0}"
EndProject
Project("{FAE04EC0-301F-11D3-BF4B-00C04F79EFBC}") = "ZagueEF.Core", "ZagueEF.Core\ZagueEF.Core.csproj", "{8E34B2AA-B9A8-4930-A535-465E7F43ADA4}"
EndProject
Project("{FAE04EC0-301F-11D3-BF4B-00C04F79EFBC}") = "ZagueEF.Core.Web", "ZagueEF.Core.Web\ZagueEF.Core.Web.csproj", "{4E5B9F12-8DD8-4F48-A997-6DA3E373C1ED}"
EndProject
Project("{FAE04EC0-301F-11D3-BF4B-00C04F79EFBC}") = "ZagueEF.Core.Web.ExtNET", "ZagueEF.Core.Web.ExtNET\ZagueEF.Core.Web.ExtNET.csproj", "{230B67BA-9C9C-4401-8807-F82A29C11EDF}"
EndProject
Project("{FAE04EC0-301F-11D3-BF4B-00C04F79EFBC}") = "AdministradorDeIglesiasV2.Website.Mobile", "AdministradorDeIglesiasV2.Website.Mobile\AdministradorDeIglesiasV2.Website.Mobile.csproj", "{7246C303-8B22-4A65-837A-349E2DF6FF9D}"
EndProject
Global
	GlobalSection(SolutionConfigurationPlatforms) = preSolution
		Debug|Any CPU = Debug|Any CPU
		Debug|Mixed Platforms = Debug|Mixed Platforms
		Debug|x86 = Debug|x86
		Release|Any CPU = Release|Any CPU
		Release|Mixed Platforms = Release|Mixed Platforms
		Release|x86 = Release|x86
	EndGlobalSection
	GlobalSection(ProjectConfigurationPlatforms) = postSolution
		{0F598BC3-2CD6-4CAA-8335-1A31D7536FEE}.Debug|Any CPU.ActiveCfg = Debug|Any CPU
		{0F598BC3-2CD6-4CAA-8335-1A31D7536FEE}.Debug|Any CPU.Build.0 = Debug|Any CPU
		{0F598BC3-2CD6-4CAA-8335-1A31D7536FEE}.Debug|Mixed Platforms.ActiveCfg = Debug|Any CPU
		{0F598BC3-2CD6-4CAA-8335-1A31D7536FEE}.Debug|Mixed Platforms.Build.0 = Debug|Any CPU
		{0F598BC3-2CD6-4CAA-8335-1A31D7536FEE}.Debug|x86.ActiveCfg = Debug|Any CPU
		{0F598BC3-2CD6-4CAA-8335-1A31D7536FEE}.Release|Any CPU.ActiveCfg = Release|Any CPU
		{0F598BC3-2CD6-4CAA-8335-1A31D7536FEE}.Release|Any CPU.Build.0 = Release|Any CPU
		{0F598BC3-2CD6-4CAA-8335-1A31D7536FEE}.Release|Mixed Platforms.ActiveCfg = Release|Any CPU
		{0F598BC3-2CD6-4CAA-8335-1A31D7536FEE}.Release|Mixed Platforms.Build.0 = Release|Any CPU
		{0F598BC3-2CD6-4CAA-8335-1A31D7536FEE}.Release|x86.ActiveCfg = Release|Any CPU
		{4DF26FC9-EDFB-4AC8-9844-D35FCCC4AFA0}.Debug|Any CPU.ActiveCfg = Debug|Any CPU
		{4DF26FC9-EDFB-4AC8-9844-D35FCCC4AFA0}.Debug|Any CPU.Build.0 = Debug|Any CPU
		{4DF26FC9-EDFB-4AC8-9844-D35FCCC4AFA0}.Debug|Mixed Platforms.ActiveCfg = Debug|Any CPU
		{4DF26FC9-EDFB-4AC8-9844-D35FCCC4AFA0}.Debug|Mixed Platforms.Build.0 = Debug|Any CPU
		{4DF26FC9-EDFB-4AC8-9844-D35FCCC4AFA0}.Debug|x86.ActiveCfg = Debug|Any CPU
		{4DF26FC9-EDFB-4AC8-9844-D35FCCC4AFA0}.Release|Any CPU.ActiveCfg = Release|Any CPU
		{4DF26FC9-EDFB-4AC8-9844-D35FCCC4AFA0}.Release|Any CPU.Build.0 = Release|Any CPU
		{4DF26FC9-EDFB-4AC8-9844-D35FCCC4AFA0}.Release|Mixed Platforms.ActiveCfg = Release|Any CPU
		{4DF26FC9-EDFB-4AC8-9844-D35FCCC4AFA0}.Release|Mixed Platforms.Build.0 = Release|Any CPU
		{4DF26FC9-EDFB-4AC8-9844-D35FCCC4AFA0}.Release|x86.ActiveCfg = Release|Any CPU
		{8E34B2AA-B9A8-4930-A535-465E7F43ADA4}.Debug|Any CPU.ActiveCfg = Debug|Any CPU
		{8E34B2AA-B9A8-4930-A535-465E7F43ADA4}.Debug|Any CPU.Build.0 = Debug|Any CPU
		{8E34B2AA-B9A8-4930-A535-465E7F43ADA4}.Debug|Mixed Platforms.ActiveCfg = Debug|Any CPU
		{8E34B2AA-B9A8-4930-A535-465E7F43ADA4}.Debug|Mixed Platforms.Build.0 = Debug|Any CPU
		{8E34B2AA-B9A8-4930-A535-465E7F43ADA4}.Debug|x86.ActiveCfg = Debug|Any CPU
		{8E34B2AA-B9A8-4930-A535-465E7F43ADA4}.Release|Any CPU.ActiveCfg = Release|Any CPU
		{8E34B2AA-B9A8-4930-A535-465E7F43ADA4}.Release|Any CPU.Build.0 = Release|Any CPU
		{8E34B2AA-B9A8-4930-A535-465E7F43ADA4}.Release|Mixed Platforms.ActiveCfg = Release|Any CPU
		{8E34B2AA-B9A8-4930-A535-465E7F43ADA4}.Release|Mixed Platforms.Build.0 = Release|Any CPU
		{8E34B2AA-B9A8-4930-A535-465E7F43ADA4}.Release|x86.ActiveCfg = Release|Any CPU
		{4E5B9F12-8DD8-4F48-A997-6DA3E373C1ED}.Debug|Any CPU.ActiveCfg = Debug|Any CPU
		{4E5B9F12-8DD8-4F48-A997-6DA3E373C1ED}.Debug|Any CPU.Build.0 = Debug|Any CPU
		{4E5B9F12-8DD8-4F48-A997-6DA3E373C1ED}.Debug|Mixed Platforms.ActiveCfg = Debug|Any CPU
		{4E5B9F12-8DD8-4F48-A997-6DA3E373C1ED}.Debug|Mixed Platforms.Build.0 = Debug|Any CPU
		{4E5B9F12-8DD8-4F48-A997-6DA3E373C1ED}.Debug|x86.ActiveCfg = Debug|Any CPU
		{4E5B9F12-8DD8-4F48-A997-6DA3E373C1ED}.Release|Any CPU.ActiveCfg = Release|Any CPU
		{4E5B9F12-8DD8-4F48-A997-6DA3E373C1ED}.Release|Any CPU.Build.0 = Release|Any CPU
		{4E5B9F12-8DD8-4F48-A997-6DA3E373C1ED}.Release|Mixed Platforms.ActiveCfg = Release|Any CPU
		{4E5B9F12-8DD8-4F48-A997-6DA3E373C1ED}.Release|Mixed Platforms.Build.0 = Release|Any CPU
		{4E5B9F12-8DD8-4F48-A997-6DA3E373C1ED}.Release|x86.ActiveCfg = Release|Any CPU
		{230B67BA-9C9C-4401-8807-F82A29C11EDF}.Debug|Any CPU.ActiveCfg = Debug|Any CPU
		{230B67BA-9C9C-4401-8807-F82A29C11EDF}.Debug|Any CPU.Build.0 = Debug|Any CPU
		{230B67BA-9C9C-4401-8807-F82A29C11EDF}.Debug|Mixed Platforms.ActiveCfg = Debug|Any CPU
		{230B67BA-9C9C-4401-8807-F82A29C11EDF}.Debug|Mixed Platforms.Build.0 = Debug|Any CPU
		{230B67BA-9C9C-4401-8807-F82A29C11EDF}.Debug|x86.ActiveCfg = Debug|Any CPU
		{230B67BA-9C9C-4401-8807-F82A29C11EDF}.Release|Any CPU.ActiveCfg = Release|Any CPU
		{230B67BA-9C9C-4401-8807-F82A29C11EDF}.Release|Any CPU.Build.0 = Release|Any CPU
		{230B67BA-9C9C-4401-8807-F82A29C11EDF}.Release|Mixed Platforms.ActiveCfg = Release|Any CPU
		{230B67BA-9C9C-4401-8807-F82A29C11EDF}.Release|Mixed Platforms.Build.0 = Release|Any CPU
		{230B67BA-9C9C-4401-8807-F82A29C11EDF}.Release|x86.ActiveCfg = Release|Any CPU
		{7246C303-8B22-4A65-837A-349E2DF6FF9D}.Debug|Any CPU.ActiveCfg = Debug|Any CPU
		{7246C303-8B22-4A65-837A-349E2DF6FF9D}.Debug|Any CPU.Build.0 = Debug|Any CPU
		{7246C303-8B22-4A65-837A-349E2DF6FF9D}.Debug|Mixed Platforms.ActiveCfg = Debug|Any CPU
		{7246C303-8B22-4A65-837A-349E2DF6FF9D}.Debug|Mixed Platforms.Build.0 = Debug|Any CPU
		{7246C303-8B22-4A65-837A-349E2DF6FF9D}.Debug|x86.ActiveCfg = Debug|Any CPU
		{7246C303-8B22-4A65-837A-349E2DF6FF9D}.Release|Any CPU.ActiveCfg = Release|Any CPU
		{7246C303-8B22-4A65-837A-349E2DF6FF9D}.Release|Any CPU.Build.0 = Release|Any CPU
		{7246C303-8B22-4A65-837A-349E2DF6FF9D}.Release|Mixed Platforms.ActiveCfg = Release|Any CPU
		{7246C303-8B22-4A65-837A-349E2DF6FF9D}.Release|Mixed Platforms.Build.0 = Release|Any CPU
		{7246C303-8B22-4A65-837A-349E2DF6FF9D}.Release|x86.ActiveCfg = Release|Any CPU
	EndGlobalSection
	GlobalSection(SolutionProperties) = preSolution
		HideSolutionNode = FALSE
	EndGlobalSection
	GlobalSection(NestedProjects) = preSolution
		{34E62EB1-3FD8-4D8E-B1CC-4E0C690C94F8} = {7A8BA6C1-EC68-4169-80C3-D2C361B315CB}
		{DCF11EEF-0DA6-4A6D-A4AA-DA8D1AD0E767} = {7A8BA6C1-EC68-4169-80C3-D2C361B315CB}
		{0F598BC3-2CD6-4CAA-8335-1A31D7536FEE} = {DCF11EEF-0DA6-4A6D-A4AA-DA8D1AD0E767}
		{4DF26FC9-EDFB-4AC8-9844-D35FCCC4AFA0} = {34E62EB1-3FD8-4D8E-B1CC-4E0C690C94F8}
		{8E34B2AA-B9A8-4930-A535-465E7F43ADA4} = {74306236-984F-4E01-914C-596635BCD2A3}
		{4E5B9F12-8DD8-4F48-A997-6DA3E373C1ED} = {74306236-984F-4E01-914C-596635BCD2A3}
		{230B67BA-9C9C-4401-8807-F82A29C11EDF} = {74306236-984F-4E01-914C-596635BCD2A3}
		{7246C303-8B22-4A65-837A-349E2DF6FF9D} = {DCF11EEF-0DA6-4A6D-A4AA-DA8D1AD0E767}
	EndGlobalSection
	GlobalSection(TestCaseManagementSettings) = postSolution
		CategoryFile = Sistema Administrador de Iglesias V2.vsmdi
	EndGlobalSection
EndGlobal
